# This file is generated by running "yarn install" inside your project.
# Manual changes might be lost - proceed with caution!

__metadata:
  version: 8
  cacheKey: 10c0

"dbdev-bin@workspace:.":
  version: 0.0.0-use.local
  resolution: "dbdev-bin@workspace:."
  bin:
    dbdev: ./bin/dbdev
  languageName: unknown
  linkType: soft
